PODS:
  - YFAlertController (0.3.0)

DEPENDENCIES:
  - YFAlertController (from `../`)

EXTERNAL SOURCES:
  YFAlertController:
    :path: "../"

SPEC CHECKSUMS:
  YFAlertController: af4f277ef9bfcebd2f349d66e7fce5326b15064d

PODFILE CHECKSUM: 0b948dee176b4cfdc7ae458e4c8ff2070d72afd5

COCOAPODS: 1.14.3
